
Microsoft Visual Studio Solution File, Format Version 12.00
# Visual Studio Version 17
VisualStudioVersion = 17.0.32126.317
MinimumVisualStudioVersion = 10.0.40219.1
Project("{FAE04EC0-301F-11D3-BF4B-00C04F79EFBC}") = "Discord Interact Bot", "Discord Interact Bot\Discord Interact Bot.csproj", "{16E2BBEA-A1D2-4E74-8365-DDB93FF21DD1}"
EndProject
Global
	GlobalSection(SolutionConfigurationPlatforms) = preSolution
		Debug|Any CPU = Debug|Any CPU
		Release|Any CPU = Release|Any CPU
	EndGlobalSection
	GlobalSection(ProjectConfigurationPlatforms) = postSolution
		{16E2BBEA-A1D2-4E74-8365-DDB93FF21DD1}.Debug|Any CPU.ActiveCfg = Debug|Any CPU
		{16E2BBEA-A1D2-4E74-8365-DDB93FF21DD1}.Debug|Any CPU.Build.0 = Debug|Any CPU
		{16E2BBEA-A1D2-4E74-8365-DDB93FF21DD1}.Release|Any CPU.ActiveCfg = Release|Any CPU
		{16E2BBEA-A1D2-4E74-8365-DDB93FF21DD1}.Release|Any CPU.Build.0 = Release|Any CPU
	EndGlobalSection
	GlobalSection(SolutionProperties) = preSolution
		HideSolutionNode = FALSE
	EndGlobalSection
	GlobalSection(ExtensibilityGlobals) = postSolution
		SolutionGuid = {042DF351-0068-4FEC-9087-A6D338622285}
	EndGlobalSection
EndGlobal
